// !$*UTF8*$!
{
	archiveVersion = 1;
	classes = {
	};
	objectVersion = 50;
	objects = {

/* Begin PBXBuildFile section */
		184AF46A23D98196001D88A7 /* AppDelegate.swift in Sources */ = {isa = PBXBuildFile; fileRef = 184AF46923D98196001D88A7 /* AppDelegate.swift */; };
		184AF46C23D98196001D88A7 /* SceneDelegate.swift in Sources */ = {isa = PBXBuildFile; fileRef = 184AF46B23D98196001D88A7 /* SceneDelegate.swift */; };
		184AF46E23D98196001D88A7 /* ViewController.swift in Sources */ = {isa = PBXBuildFile; fileRef = 184AF46D23D98196001D88A7 /* ViewController.swift */; };
		184AF47123D98196001D88A7 /* Main.storyboard in Resources */ = {isa = PBXBuildFile; fileRef = 184AF46F23D98196001D88A7 /* Main.storyboard */; };
		184AF47323D98197001D88A7 /* Assets.xcassets in Resources */ = {isa = PBXBuildFile; fileRef = 184AF47223D98197001D88A7 /* Assets.xcassets */; };
		184AF47623D98197001D88A7 /* LaunchScreen.storyboard in Resources */ = {isa = PBXBuildFile; fileRef = 184AF47423D98197001D88A7 /* LaunchScreen.storyboard */; };
		184AF48123D98197001D88A7 /* FruitProjectTests.swift in Sources */ = {isa = PBXBuildFile; fileRef = 184AF48023D98197001D88A7 /* FruitProjectTests.swift */; };
		184AF48C23D98197001D88A7 /* FruitProjectUITests.swift in Sources */ = {isa = PBXBuildFile; fileRef = 184AF48B23D98197001D88A7 /* FruitProjectUITests.swift */; };
		184AF49A23D983B0001D88A7 /* ItemTableViewCell.swift in Sources */ = {isa = PBXBuildFile; fileRef = 184AF49923D983B0001D88A7 /* ItemTableViewCell.swift */; };
/* End PBXBuildFile section */

/* Begin PBXContainerItemProxy section */
		184AF47D23D98197001D88A7 /* PBXContainerItemProxy */ = {
			isa = PBXContainerItemProxy;
			containerPortal = 184AF45E23D98196001D88A7 /* Project object */;
			proxyType = 1;
			remoteGlobalIDString = 184AF46523D98196001D88A7;
			remoteInfo = FruitProject;
		};
		184AF48823D98197001D88A7 /* PBXContainerItemProxy */ = {
			isa = PBXContainerItemProxy;
			containerPortal = 184AF45E23D98196001D88A7 /* Project object */;
			proxyType = 1;
			remoteGlobalIDString = 184AF46523D98196001D88A7;
			remoteInfo = FruitProject;
		};
/* End PBXContainerItemProxy section */

/* Begin PBXFileReference section */
		184AF46623D98196001D88A7 /* FruitProject.app */ = {isa = PBXFileReference; explicitFileType = wrapper.application; includeInIndex = 0; path = FruitProject.app; sourceTree = BUILT_PRODUCTS_DIR; };
		184AF46923D98196001D88A7 /* AppDelegate.swift */ = {isa = PBXFileReference; lastKnownFileType = sourcecode.swift; path = AppDelegate.swift; sourceTree = "<group>"; };
		184AF46B23D98196001D88A7 /* SceneDelegate.swift */ = {isa = PBXFileReference; lastKnownFileType = sourcecode.swift; path = SceneDelegate.swift; sourceTree = "<group>"; };
		184AF46D23D98196001D88A7 /* ViewController.swift */ = {isa = PBXFileReference; lastKnownFileType = sourcecode.swift; path = ViewController.swift; sourceTree = "<group>"; };
		184AF47023D98196001D88A7 /* Base */ = {isa = PBXFileReference; lastKnownFileType = file.storyboard; name = Base; path = Base.lproj/Main.storyboard; sourceTree = "<group>"; };
		184AF47223D98197001D88A7 /* Assets.xcassets */ = {isa = PBXFileReference; lastKnownFileType = folder.assetcatalog; path = Assets.xcassets; sourceTree = "<group>"; };
		184AF47523D98197001D88A7 /* Base */ = {isa = PBXFileReference; lastKnownFileType = file.storyboard; name = Base; path = Base.lproj/LaunchScreen.storyboard; sourceTree = "<group>"; };
		184AF47723D98197001D88A7 /* Info.plist */ = {isa = PBXFileReference; lastKnownFileType = text.plist.xml; path = Info.plist; sourceTree = "<group>"; };
		184AF47C23D98197001D88A7 /* FruitProjectTests.xctest */ = {isa = PBXFileReference; explicitFileType = wrapper.cfbundle; includeInIndex = 0; path = FruitProjectTests.xctest; sourceTree = BUILT_PRODUCTS_DIR; };
		184AF48023D98197001D88A7 /* FruitProjectTests.swift */ = {isa = PBXFileReference; lastKnownFileType = sourcecode.swift; path = FruitProjectTests.swift; sourceTree = "<group>"; };
		184AF48223D98197001D88A7 /* Info.plist */ = {isa = PBXFileReference; lastKnownFileType = text.plist.xml; path = Info.plist; sourceTree = "<group>"; };
		184AF48723D98197001D88A7 /* FruitProjectUITests.xctest */ = {isa = PBXFileReference; explicitFileType = wrapper.cfbundle; includeInIndex = 0; path = FruitProjectUITests.xctest; sourceTree = BUILT_PRODUCTS_DIR; };
		184AF48B23D98197001D88A7 /* FruitProjectUITests.swift */ = {isa = PBXFileReference; lastKnownFileType = sourcecode.swift; path = FruitProjectUITests.swift; sourceTree = "<group>"; };
		184AF48D23D98197001D88A7 /* Info.plist */ = {isa = PBXFileReference; lastKnownFileType = text.plist.xml; path = Info.plist; sourceTree = "<group>"; };
		184AF49923D983B0001D88A7 /* ItemTableViewCell.swift */ = {isa = PBXFileReference; lastKnownFileType = sourcecode.swift; path = ItemTableViewCell.swift; sourceTree = "<group>"; };
/* End PBXFileReference section */

/* Begin PBXFrameworksBuildPhase section */
		184AF46323D98196001D88A7 /* Frameworks */ = {
			isa = PBXFrameworksBuildPhase;
			buildActionMask = 2147483647;
			files = (
			);
			runOnlyForDeploymentPostprocessing = 0;
		};
		184AF47923D98197001D88A7 /* Frameworks */ = {
			isa = PBXFrameworksBuildPhase;
			buildActionMask = 2147483647;
			files = (
			);
			runOnlyForDeploymentPostprocessing = 0;
		};
		184AF48423D98197001D88A7 /* Frameworks */ = {
			isa = PBXFrameworksBuildPhase;
			buildActionMask = 2147483647;
			files = (
			);
			runOnlyForDeploymentPostprocessing = 0;
		};
/* End PBXFrameworksBuildPhase section */

/* Begin PBXGroup section */
		184AF45D23D98196001D88A7 = {
			isa = PBXGroup;
			children = (
				184AF46823D98196001D88A7 /* FruitProject */,
				184AF47F23D98197001D88A7 /* FruitProjectTests */,
				184AF48A23D98197001D88A7 /* FruitProjectUITests */,
				184AF46723D98196001D88A7 /* Products */,
			);
			sourceTree = "<group>";
		};
		184AF46723D98196001D88A7 /* Products */ = {
			isa = PBXGroup;
			children = (
				184AF46623D98196001D88A7 /* FruitProject.app */,
				184AF47C23D98197001D88A7 /* FruitProjectTests.xctest */,
				184AF48723D98197001D88A7 /* FruitProjectUITests.xctest */,
			);
			name = Products;
			sourceTree = "<group>";
		};
		184AF46823D98196001D88A7 /* FruitProject */ = {
			isa = PBXGroup;
			children = (
				184AF46923D98196001D88A7 /* AppDelegate.swift */,
				184AF46B23D98196001D88A7 /* SceneDelegate.swift */,
				184AF46D23D98196001D88A7 /* ViewController.swift */,
				184AF46F23D98196001D88A7 /* Main.storyboard */,
				184AF47223D98197001D88A7 /* Assets.xcassets */,
				184AF47423D98197001D88A7 /* LaunchScreen.storyboard */,
				184AF47723D98197001D88A7 /* Info.plist */,
				184AF49923D983B0001D88A7 /* ItemTableViewCell.swift */,
			);
			path = FruitProject;
			sourceTree = "<group>";
		};
		184AF47F23D98197001D88A7 /* FruitProjectTests */ = {
			isa = PBXGroup;
			children = (
				184AF48023D98197001D88A7 /* FruitProjectTests.swift */,
				184AF48223D98197001D88A7 /* Info.plist */,
			);
			path = FruitProjectTests;
			sourceTree = "<group>";
		};
		184AF48A23D98197001D88A7 /* FruitProjectUITests */ = {
			isa = PBXGroup;
			children = (
				184AF48B23D98197001D88A7 /* FruitProjectUITests.swift */,
				184AF48D23D98197001D88A7 /* Info.plist */,
			);
			path = FruitProjectUITests;
			sourceTree = "<group>";
		};
/* End PBXGroup section */

/* Begin PBXNativeTarget section */
		184AF46523D98196001D88A7 /* FruitProject */ = {
			isa = PBXNativeTarget;
			buildConfigurationList = 184AF49023D98197001D88A7 /* Build configuration list for PBXNativeTarget "FruitProject" */;
			buildPhases = (
				184AF46223D98196001D88A7 /* Sources */,
				184AF46323D98196001D88A7 /* Frameworks */,
				184AF46423D98196001D88A7 /* Resources */,
			);
			buildRules = (
			);
			dependencies = (
			);
			name = FruitProject;
			productName = FruitProject;
			productReference = 184AF46623D98196001D88A7 /* FruitProject.app */;
			productType = "com.apple.product-type.application";
		};
		184AF47B23D98197001D88A7 /* FruitProjectTests */ = {
			isa = PBXNativeTarget;
			buildConfigurationList = 184AF49323D98197001D88A7 /* Build configuration list for PBXNativeTarget "FruitProjectTests" */;
			buildPhases = (
				184AF47823D98197001D88A7 /* Sources */,
				184AF47923D98197001D88A7 /* Frameworks */,
				184AF47A23D98197001D88A7 /* Resources */,
			);
			buildRules = (
			);
			dependencies = (
				184AF47E23D98197001D88A7 /* PBXTargetDependency */,
			);
			name = FruitProjectTests;
			productName = FruitProjectTests;
			productReference = 184AF47C23D98197001D88A7 /* FruitProjectTests.xctest */;
			productType = "com.apple.product-type.bundle.unit-test";
		};
		184AF48623D98197001D88A7 /* FruitProjectUITests */ = {
			isa = PBXNativeTarget;
			buildConfigurationList = 184AF49623D98197001D88A7 /* Build configuration list for PBXNativeTarget "FruitProjectUITests" */;
			buildPhases = (
				184AF48323D98197001D88A7 /* Sources */,
				184AF48423D98197001D88A7 /* Frameworks */,
				184AF48523D98197001D88A7 /* Resources */,
			);
			buildRules = (
			);
			dependencies = (
				184AF48923D98197001D88A7 /* PBXTargetDependency */,
			);
			name = FruitProjectUITests;
			productName = FruitProjectUITests;
			productReference = 184AF48723D98197001D88A7 /* FruitProjectUITests.xctest */;
			productType = "com.apple.product-type.bundle.ui-testing";
		};
/* End PBXNativeTarget section */

/* Begin PBXProject section */
		184AF45E23D98196001D88A7 /* Project object */ = {
			isa = PBXProject;
			attributes = {
				LastSwiftUpdateCheck = 1130;
				LastUpgradeCheck = 1130;
				ORGANIZATIONNAME = "Apple MacBook Pro";
				TargetAttributes = {
					184AF46523D98196001D88A7 = {
						CreatedOnToolsVersion = 11.3.1;
					};
					184AF47B23D98197001D88A7 = {
						CreatedOnToolsVersion = 11.3.1;
						TestTargetID = 184AF46523D98196001D88A7;
					};
					184AF48623D98197001D88A7 = {
						CreatedOnToolsVersion = 11.3.1;
						TestTargetID = 184AF46523D98196001D88A7;
					};
				};
			};
			buildConfigurationList = 184AF46123D98196001D88A7 /* Build configuration list for PBXProject "FruitProject" */;
			compatibilityVersion = "Xcode 9.3";
			developmentRegion = en;
			hasScannedForEncodings = 0;
			knownRegions = (
				en,
				Base,
			);
			mainGroup = 184AF45D23D98196001D88A7;
			productRefGroup = 184AF46723D98196001D88A7 /* Products */;
			projectDirPath = "";
			projectRoot = "";
			targets = (
				184AF46523D98196001D88A7 /* FruitProject */,
				184AF47B23D98197001D88A7 /* FruitProjectTests */,
				184AF48623D98197001D88A7 /* FruitProjectUITests */,
			);
		};
/* End PBXProject section */

/* Begin PBXResourcesBuildPhase section */
		184AF46423D98196001D88A7 /* Resources */ = {
			isa = PBXResourcesBuildPhase;
			buildActionMask = 2147483647;
			files = (
				184AF47623D98197001D88A7 /* LaunchScreen.storyboard in Resources */,
				184AF47323D98197001D88A7 /* Assets.xcassets in Resources */,
				184AF47123D98196001D88A7 /* Main.storyboard in Resources */,
			);
			runOnlyForDeploymentPostprocessing = 0;
		};
		184AF47A23D98197001D88A7 /* Resources */ = {
			isa = PBXResourcesBuildPhase;
			buildActionMask = 2147483647;
			files = (
			);
			runOnlyForDeploymentPostprocessing = 0;
		};
		184AF48523D98197001D88A7 /* Resources */ = {
			isa = PBXResourcesBuildPhase;
			buildActionMask = 2147483647;
			files = (
			);
			runOnlyForDeploymentPostprocessing = 0;
		};
/* End PBXResourcesBuildPhase section */

/* Begin PBXSourcesBuildPhase section */
		184AF46223D98196001D88A7 /* Sources */ = {
			isa = PBXSourcesBuildPhase;
			buildActionMask = 2147483647;
			files = (
				184AF49A23D983B0001D88A7 /* ItemTableViewCell.swift in Sources */,
				184AF46E23D98196001D88A7 /* ViewController.swift in Sources */,
				184AF46A23D98196001D88A7 /* AppDelegate.swift in Sources */,
				184AF46C23D98196001D88A7 /* SceneDelegate.swift in Sources */,
			);
			runOnlyForDeploymentPostprocessing = 0;
		};
		184AF47823D98197001D88A7 /* Sources */ = {
			isa = PBXSourcesBuildPhase;
			buildActionMask = 2147483647;
			files = (
				184AF48123D98197001D88A7 /* FruitProjectTests.swift in Sources */,
			);
			runOnlyForDeploymentPostprocessing = 0;
		};
		184AF48323D98197001D88A7 /* Sources */ = {
			isa = PBXSourcesBuildPhase;
			buildActionMask = 2147483647;
			files = (
				184AF48C23D98197001D88A7 /* FruitProjectUITests.swift in Sources */,
			);
			runOnlyForDeploymentPostprocessing = 0;
		};
/* End PBXSourcesBuildPhase section */

/* Begin PBXTargetDependency section */
		184AF47E23D98197001D88A7 /* PBXTargetDependency */ = {
			isa = PBXTargetDependency;
			target = 184AF46523D98196001D88A7 /* FruitProject */;
			targetProxy = 184AF47D23D98197001D88A7 /* PBXContainerItemProxy */;
		};
		184AF48923D98197001D88A7 /* PBXTargetDependency */ = {
			isa = PBXTargetDependency;
			target = 184AF46523D98196001D88A7 /* FruitProject */;
			targetProxy = 184AF48823D98197001D88A7 /* PBXContainerItemProxy */;
		};
/* End PBXTargetDependency section */

/* Begin PBXVariantGroup section */
		184AF46F23D98196001D88A7 /* Main.storyboard */ = {
			isa = PBXVariantGroup;
			children = (
				184AF47023D98196001D88A7 /* Base */,
			);
			name = Main.storyboard;
			sourceTree = "<group>";
		};
		184AF47423D98197001D88A7 /* LaunchScreen.storyboard */ = {
			isa = PBXVariantGroup;
			children = (
				184AF47523D98197001D88A7 /* Base */,
			);
			name = LaunchScreen.storyboard;
			sourceTree = "<group>";
		};
/* End PBXVariantGroup section */

/* Begin XCBuildConfiguration section */
		184AF48E23D98197001D88A7 /* Debug */ = {
			isa = XCBuildConfiguration;
			buildSettings = {
				ALWAYS_SEARCH_USER_PATHS = NO;
				CLANG_ANALYZER_NONNULL = YES;
				CLANG_ANALYZER_NUMBER_OBJECT_CONVERSION = YES_AGGRESSIVE;
				CLANG_CXX_LANGUAGE_STANDARD = "gnu++14";
				CLANG_CXX_LIBRARY = "libc++";
				CLANG_ENABLE_MODULES = YES;
				CLANG_ENABLE_OBJC_ARC = YES;
				CLANG_ENABLE_OBJC_WEAK = YES;
				CLANG_WARN_BLOCK_CAPTURE_AUTORELEASING = YES;
				CLANG_WARN_BOOL_CONVERSION = YES;
				CLANG_WARN_COMMA = YES;
				CLANG_WARN_CONSTANT_CONVERSION = YES;
				CLANG_WARN_DEPRECATED_OBJC_IMPLEMENTATIONS = YES;
				CLANG_WARN_DIRECT_OBJC_ISA_USAGE = YES_ERROR;
				CLANG_WARN_DOCUMENTATION_COMMENTS = YES;
				CLANG_WARN_EMPTY_BODY = YES;
				CLANG_WARN_ENUM_CONVERSION = YES;
				CLANG_WARN_INFINITE_RECURSION = YES;
				CLANG_WARN_INT_CONVERSION = YES;
				CLANG_WARN_NON_LITERAL_NULL_CONVERSION = YES;
				CLANG_WARN_OBJC_IMPLICIT_RETAIN_SELF = YES;
				CLANG_WARN_OBJC_LITERAL_CONVERSION = YES;
				CLANG_WARN_OBJC_ROOT_CLASS = YES_ERROR;
				CLANG_WARN_RANGE_LOOP_ANALYSIS = YES;
				CLANG_WARN_STRICT_PROTOTYPES = YES;
				CLANG_WARN_SUSPICIOUS_MOVE = YES;
				CLANG_WARN_UNGUARDED_AVAILABILITY = YES_AGGRESSIVE;
				CLANG_WARN_UNREACHABLE_CODE = YES;
				CLANG_WARN__DUPLICATE_METHOD_MATCH = YES;
				COPY_PHASE_STRIP = NO;
				DEBUG_INFORMATION_FORMAT = dwarf;
				ENABLE_STRICT_OBJC_MSGSEND = YES;
				ENABLE_TESTABILITY = YES;
				GCC_C_LANGUAGE_STANDARD = gnu11;
				GCC_DYNAMIC_NO_PIC = NO;
				GCC_NO_COMMON_BLOCKS = YES;
				GCC_OPTIMIZATION_LEVEL = 0;
				GCC_PREPROCESSOR_DEFINITIONS = (
					"DEBUG=1",
					"$(inherited)",
				);
				GCC_WARN_64_TO_32_BIT_CONVERSION = YES;
				GCC_WARN_ABOUT_RETURN_TYPE = YES_ERROR;
				GCC_WARN_UNDECLARED_SELECTOR = YES;
				GCC_WARN_UNINITIALIZED_AUTOS = YES_AGGRESSIVE;
				GCC_WARN_UNUSED_FUNCTION = YES;
				GCC_WARN_UNUSED_VARIABLE = YES;
				IPHONEOS_DEPLOYMENT_TARGET = 13.2;
				MTL_ENABLE_DEBUG_INFO = INCLUDE_SOURCE;
				MTL_FAST_MATH = YES;
				ONLY_ACTIVE_ARCH = YES;
				SDKROOT = iphoneos;
				SWIFT_ACTIVE_COMPILATION_CONDITIONS = DEBUG;
				SWIFT_OPTIMIZATION_LEVEL = "-Onone";
			};
			name = Debug;
		};
		184AF48F23D98197001D88A7 /* Release */ = {
			isa = XCBuildConfiguration;
			buildSettings = {
				ALWAYS_SEARCH_USER_PATHS = NO;
				CLANG_ANALYZER_NONNULL = YES;
				CLANG_ANALYZER_NUMBER_OBJECT_CONVERSION = YES_AGGRESSIVE;
				CLANG_CXX_LANGUAGE_STANDARD = "gnu++14";
				CLANG_CXX_LIBRARY = "libc++";
				CLANG_ENABLE_MODULES = YES;
				CLANG_ENABLE_OBJC_ARC = YES;
				CLANG_ENABLE_OBJC_WEAK = YES;
				CLANG_WARN_BLOCK_CAPTURE_AUTORELEASING = YES;
				CLANG_WARN_BOOL_CONVERSION = YES;
				CLANG_WARN_COMMA = YES;
				CLANG_WARN_CONSTANT_CONVERSION = YES;
				CLANG_WARN_DEPRECATED_OBJC_IMPLEMENTATIONS = YES;
				CLANG_WARN_DIRECT_OBJC_ISA_USAGE = YES_ERROR;
				CLANG_WARN_DOCUMENTATION_COMMENTS = YES;
				CLANG_WARN_EMPTY_BODY = YES;
				CLANG_WARN_ENUM_CONVERSION = YES;
				CLANG_WARN_INFINITE_RECURSION = YES;
				CLANG_WARN_INT_CONVERSION = YES;
				CLANG_WARN_NON_LITERAL_NULL_CONVERSION = YES;
				CLANG_WARN_OBJC_IMPLICIT_RETAIN_SELF = YES;
				CLANG_WARN_OBJC_LITERAL_CONVERSION = YES;
				CLANG_WARN_OBJC_ROOT_CLASS = YES_ERROR;
				CLANG_WARN_RANGE_LOOP_ANALYSIS = YES;
				CLANG_WARN_STRICT_PROTOTYPES = YES;
				CLANG_WARN_SUSPICIOUS_MOVE = YES;
				CLANG_WARN_UNGUARDED_AVAILABILITY = YES_AGGRESSIVE;
				CLANG_WARN_UNREACHABLE_CODE = YES;
				CLANG_WARN__DUPLICATE_METHOD_MATCH = YES;
				COPY_PHASE_STRIP = NO;
				DEBUG_INFORMATION_FORMAT = "dwarf-with-dsym";
				ENABLE_NS_ASSERTIONS = NO;
				ENABLE_STRICT_OBJC_MSGSEND = YES;
				GCC_C_LANGUAGE_STANDARD = gnu11;
				GCC_NO_COMMON_BLOCKS = YES;
				GCC_WARN_64_TO_32_BIT_CONVERSION = YES;
				GCC_WARN_ABOUT_RETURN_TYPE = YES_ERROR;
				GCC_WARN_UNDECLARED_SELECTOR = YES;
				GCC_WARN_UNINITIALIZED_AUTOS = YES_AGGRESSIVE;
				GCC_WARN_UNUSED_FUNCTION = YES;
				GCC_WARN_UNUSED_VARIABLE = YES;
				IPHONEOS_DEPLOYMENT_TARGET = 13.2;
				MTL_ENABLE_DEBUG_INFO = NO;
				MTL_FAST_MATH = YES;
				SDKROOT = iphoneos;
				SWIFT_COMPILATION_MODE = wholemodule;
				SWIFT_OPTIMIZATION_LEVEL = "-O";
				VALIDATE_PRODUCT = YES;
			};
			name = Release;
		};
		184AF49123D98197001D88A7 /* Debug */ = {
			isa = XCBuildConfiguration;
			buildSettings = {
				ASSETCATALOG_COMPILER_APPICON_NAME = AppIcon;
				CODE_SIGN_STYLE = Automatic;
				INFOPLIST_FILE = FruitProject/Info.plist;
				LD_RUNPATH_SEARCH_PATHS = (
					"$(inherited)",
					"@executable_path/Frameworks",
				);
				PRODUCT_BUNDLE_IDENTIFIER = Abdullah.FruitProject;
				PRODUCT_NAME = "$(TARGET_NAME)";
				SWIFT_VERSION = 5.0;
				TARGETED_DEVICE_FAMILY = "1,2";
			};
			name = Debug;
		};
		184AF49223D98197001D88A7 /* Release */ = {
			isa = XCBuildConfiguration;
			buildSettings = {
				ASSETCATALOG_COMPILER_APPICON_NAME = AppIcon;
				CODE_SIGN_STYLE = Automatic;
				INFOPLIST_FILE = FruitProject/Info.plist;
				LD_RUNPATH_SEARCH_PATHS = (
					"$(inherited)",
					"@executable_path/Frameworks",
				);
				PRODUCT_BUNDLE_IDENTIFIER = Abdullah.FruitProject;
				PRODUCT_NAME = "$(TARGET_NAME)";
				SWIFT_VERSION = 5.0;
				TARGETED_DEVICE_FAMILY = "1,2";
			};
			name = Release;
		};
		184AF49423D98197001D88A7 /* Debug */ = {
			isa = XCBuildConfiguration;
			buildSettings = {
				ALWAYS_EMBED_SWIFT_STANDARD_LIBRARIES = YES;
				BUNDLE_LOADER = "$(TEST_HOST)";
				CODE_SIGN_STYLE = Automatic;
				INFOPLIST_FILE = FruitProjectTests/Info.plist;
				IPHONEOS_DEPLOYMENT_TARGET = 13.2;
				LD_RUNPATH_SEARCH_PATHS = (
					"$(inherited)",
					"@executable_path/Frameworks",
					"@loader_path/Frameworks",
				);
				PRODUCT_BUNDLE_IDENTIFIER = Abdullah.FruitProjectTests;
				PRODUCT_NAME = "$(TARGET_NAME)";
				SWIFT_VERSION = 5.0;
				TARGETED_DEVICE_FAMILY = "1,2";
				TEST_HOST = "$(BUILT_PRODUCTS_DIR)/FruitProject.app/FruitProject";
			};
			name = Debug;
		};
		184AF49523D98197001D88A7 /* Release */ = {
			isa = XCBuildConfiguration;
			buildSettings = {
				ALWAYS_EMBED_SWIFT_STANDARD_LIBRARIES = YES;
				BUNDLE_LOADER = "$(TEST_HOST)";
				CODE_SIGN_STYLE = Automatic;
				INFOPLIST_FILE = FruitProjectTests/Info.plist;
				IPHONEOS_DEPLOYMENT_TARGET = 13.2;
				LD_RUNPATH_SEARCH_PATHS = (
					"$(inherited)",
					"@executable_path/Frameworks",
					"@loader_path/Frameworks",
				);
				PRODUCT_BUNDLE_IDENTIFIER = Abdullah.FruitProjectTests;
				PRODUCT_NAME = "$(TARGET_NAME)";
				SWIFT_VERSION = 5.0;
				TARGETED_DEVICE_FAMILY = "1,2";
				TEST_HOST = "$(BUILT_PRODUCTS_DIR)/FruitProject.app/FruitProject";
			};
			name = Release;
		};
		184AF49723D98197001D88A7 /* Debug */ = {
			isa = XCBuildConfiguration;
			buildSettings = {
				ALWAYS_EMBED_SWIFT_STANDARD_LIBRARIES = YES;
				CODE_SIGN_STYLE = Automatic;
				INFOPLIST_FILE = FruitProjectUITests/Info.plist;
				LD_RUNPATH_SEARCH_PATHS = (
					"$(inherited)",
					"@executable_path/Frameworks",
					"@loader_path/Frameworks",
				);
				PRODUCT_BUNDLE_IDENTIFIER = Abdullah.FruitProjectUITests;
				PRODUCT_NAME = "$(TARGET_NAME)";
				SWIFT_VERSION = 5.0;
				TARGETED_DEVICE_FAMILY = "1,2";
				TEST_TARGET_NAME = FruitProject;
			};
			name = Debug;
		};
		184AF49823D98197001D88A7 /* Release */ = {
			isa = XCBuildConfiguration;
			buildSettings = {
				ALWAYS_EMBED_SWIFT_STANDARD_LIBRARIES = YES;
				CODE_SIGN_STYLE = Automatic;
				INFOPLIST_FILE = FruitProjectUITests/Info.plist;
				LD_RUNPATH_SEARCH_PATHS = (
					"$(inherited)",
					"@executable_path/Frameworks",
					"@loader_path/Frameworks",
				);
				PRODUCT_BUNDLE_IDENTIFIER = Abdullah.FruitProjectUITests;
				PRODUCT_NAME = "$(TARGET_NAME)";
				SWIFT_VERSION = 5.0;
				TARGETED_DEVICE_FAMILY = "1,2";
				TEST_TARGET_NAME = FruitProject;
			};
			name = Release;
		};
/* End XCBuildConfiguration section */

/* Begin XCConfigurationList section */
		184AF46123D98196001D88A7 /* Build configuration list for PBXProject "FruitProject" */ = {
			isa = XCConfigurationList;
			buildConfigurations = (
				184AF48E23D98197001D88A7 /* Debug */,
				184AF48F23D98197001D88A7 /* Release */,
			);
			defaultConfigurationIsVisible = 0;
			defaultConfigurationName = Release;
		};
		184AF49023D98197001D88A7 /* Build configuration list for PBXNativeTarget "FruitProject" */ = {
			isa = XCConfigurationList;
			buildConfigurations = (
				184AF49123D98197001D88A7 /* Debug */,
				184AF49223D98197001D88A7 /* Release */,
			);
			defaultConfigurationIsVisible = 0;
			defaultConfigurationName = Release;
		};
		184AF49323D98197001D88A7 /* Build configuration list for PBXNativeTarget "FruitProjectTests" */ = {
			isa = XCConfigurationList;
			buildConfigurations = (
				184AF49423D98197001D88A7 /* Debug */,
				184AF49523D98197001D88A7 /* Release */,
			);
			defaultConfigurationIsVisible = 0;
			defaultConfigurationName = Release;
		};
		184AF49623D98197001D88A7 /* Build configuration list for PBXNativeTarget "FruitProjectUITests" */ = {
			isa = XCConfigurationList;
			buildConfigurations = (
				184AF49723D98197001D88A7 /* Debug */,
				184AF49823D98197001D88A7 /* Release */,
			);
			defaultConfigurationIsVisible = 0;
			defaultConfigurationName = Release;
		};
/* End XCConfigurationList section */
	};
	rootObject = 184AF45E23D98196001D88A7 /* Project object */;
}
